// !$*UTF8*$!
{
	archiveVersion = 1;
	classes = {
	};
	objectVersion = 50;
	objects = {

/* Begin PBXBuildFile section */
		D6F2E6E2222E118C00F6E90A /* AppDelegate.swift in Sources */ = {isa = PBXBuildFile; fileRef = D6F2E6E1222E118C00F6E90A /* AppDelegate.swift */; };
		D6F2E6E4222E118C00F6E90A /* ViewController.swift in Sources */ = {isa = PBXBuildFile; fileRef = D6F2E6E3222E118C00F6E90A /* ViewController.swift */; };
		D6F2E6E7222E118C00F6E90A /* Main.storyboard in Resources */ = {isa = PBXBuildFile; fileRef = D6F2E6E5222E118C00F6E90A /* Main.storyboard */; };
		D6F2E6E9222E118F00F6E90A /* Assets.xcassets in Resources */ = {isa = PBXBuildFile; fileRef = D6F2E6E8222E118F00F6E90A /* Assets.xcassets */; };
		D6F2E6EC222E118F00F6E90A /* LaunchScreen.storyboard in Resources */ = {isa = PBXBuildFile; fileRef = D6F2E6EA222E118F00F6E90A /* LaunchScreen.storyboard */; };
		D6F2E6F7222E118F00F6E90A /* DrawRectFailureSampleTests.swift in Sources */ = {isa = PBXBuildFile; fileRef = D6F2E6F6222E118F00F6E90A /* DrawRectFailureSampleTests.swift */; };
/* End PBXBuildFile section */

/* Begin PBXContainerItemProxy section */
		D6F2E6F3222E118F00F6E90A /* PBXContainerItemProxy */ = {
			isa = PBXContainerItemProxy;
			containerPortal = D6F2E6D6222E118C00F6E90A /* Project object */;
			proxyType = 1;
			remoteGlobalIDString = D6F2E6DD222E118C00F6E90A;
			remoteInfo = DrawRectFailureSample;
		};
/* End PBXContainerItemProxy section */

/* Begin PBXFileReference section */
		D6F2E6DE222E118C00F6E90A /* DrawRectFailureSample.app */ = {isa = PBXFileReference; explicitFileType = wrapper.application; includeInIndex = 0; path = DrawRectFailureSample.app; sourceTree = BUILT_PRODUCTS_DIR; };
		D6F2E6E1222E118C00F6E90A /* AppDelegate.swift */ = {isa = PBXFileReference; lastKnownFileType = sourcecode.swift; path = AppDelegate.swift; sourceTree = "<group>"; };
		D6F2E6E3222E118C00F6E90A /* ViewController.swift */ = {isa = PBXFileReference; lastKnownFileType = sourcecode.swift; path = ViewController.swift; sourceTree = "<group>"; };
		D6F2E6E6222E118C00F6E90A /* Base */ = {isa = PBXFileReference; lastKnownFileType = file.storyboard; name = Base; path = Base.lproj/Main.storyboard; sourceTree = "<group>"; };
		D6F2E6E8222E118F00F6E90A /* Assets.xcassets */ = {isa = PBXFileReference; lastKnownFileType = folder.assetcatalog; path = Assets.xcassets; sourceTree = "<group>"; };
		D6F2E6EB222E118F00F6E90A /* Base */ = {isa = PBXFileReference; lastKnownFileType = file.storyboard; name = Base; path = Base.lproj/LaunchScreen.storyboard; sourceTree = "<group>"; };
		D6F2E6ED222E118F00F6E90A /* Info.plist */ = {isa = PBXFileReference; lastKnownFileType = text.plist.xml; path = Info.plist; sourceTree = "<group>"; };
		D6F2E6F2222E118F00F6E90A /* DrawRectFailureSampleTests.xctest */ = {isa = PBXFileReference; explicitFileType = wrapper.cfbundle; includeInIndex = 0; path = DrawRectFailureSampleTests.xctest; sourceTree = BUILT_PRODUCTS_DIR; };
		D6F2E6F6222E118F00F6E90A /* DrawRectFailureSampleTests.swift */ = {isa = PBXFileReference; lastKnownFileType = sourcecode.swift; path = DrawRectFailureSampleTests.swift; sourceTree = "<group>"; };
		D6F2E6F8222E118F00F6E90A /* Info.plist */ = {isa = PBXFileReference; lastKnownFileType = text.plist.xml; path = Info.plist; sourceTree = "<group>"; };
/* End PBXFileReference section */

/* Begin PBXFrameworksBuildPhase section */
		D6F2E6DB222E118C00F6E90A /* Frameworks */ = {
			isa = PBXFrameworksBuildPhase;
			buildActionMask = 2147483647;
			files = (
			);
			runOnlyForDeploymentPostprocessing = 0;
		};
		D6F2E6EF222E118F00F6E90A /* Frameworks */ = {
			isa = PBXFrameworksBuildPhase;
			buildActionMask = 2147483647;
			files = (
			);
			runOnlyForDeploymentPostprocessing = 0;
		};
/* End PBXFrameworksBuildPhase section */

/* Begin PBXGroup section */
		D6F2E6D5222E118C00F6E90A = {
			isa = PBXGroup;
			children = (
				D6F2E6E0222E118C00F6E90A /* DrawRectFailureSample */,
				D6F2E6F5222E118F00F6E90A /* DrawRectFailureSampleTests */,
				D6F2E6DF222E118C00F6E90A /* Products */,
			);
			sourceTree = "<group>";
		};
		D6F2E6DF222E118C00F6E90A /* Products */ = {
			isa = PBXGroup;
			children = (
				D6F2E6DE222E118C00F6E90A /* DrawRectFailureSample.app */,
				D6F2E6F2222E118F00F6E90A /* DrawRectFailureSampleTests.xctest */,
			);
			name = Products;
			sourceTree = "<group>";
		};
		D6F2E6E0222E118C00F6E90A /* DrawRectFailureSample */ = {
			isa = PBXGroup;
			children = (
				D6F2E6E1222E118C00F6E90A /* AppDelegate.swift */,
				D6F2E6E3222E118C00F6E90A /* ViewController.swift */,
				D6F2E6E5222E118C00F6E90A /* Main.storyboard */,
				D6F2E6E8222E118F00F6E90A /* Assets.xcassets */,
				D6F2E6EA222E118F00F6E90A /* LaunchScreen.storyboard */,
				D6F2E6ED222E118F00F6E90A /* Info.plist */,
			);
			path = DrawRectFailureSample;
			sourceTree = "<group>";
		};
		D6F2E6F5222E118F00F6E90A /* DrawRectFailureSampleTests */ = {
			isa = PBXGroup;
			children = (
				D6F2E6F6222E118F00F6E90A /* DrawRectFailureSampleTests.swift */,
				D6F2E6F8222E118F00F6E90A /* Info.plist */,
			);
			path = DrawRectFailureSampleTests;
			sourceTree = "<group>";
		};
/* End PBXGroup section */

/* Begin PBXNativeTarget section */
		D6F2E6DD222E118C00F6E90A /* DrawRectFailureSample */ = {
			isa = PBXNativeTarget;
			buildConfigurationList = D6F2E6FB222E119000F6E90A /* Build configuration list for PBXNativeTarget "DrawRectFailureSample" */;
			buildPhases = (
				D6F2E6DA222E118C00F6E90A /* Sources */,
				D6F2E6DB222E118C00F6E90A /* Frameworks */,
				D6F2E6DC222E118C00F6E90A /* Resources */,
			);
			buildRules = (
			);
			dependencies = (
			);
			name = DrawRectFailureSample;
			productName = DrawRectFailureSample;
			productReference = D6F2E6DE222E118C00F6E90A /* DrawRectFailureSample.app */;
			productType = "com.apple.product-type.application";
		};
		D6F2E6F1222E118F00F6E90A /* DrawRectFailureSampleTests */ = {
			isa = PBXNativeTarget;
			buildConfigurationList = D6F2E6FE222E119000F6E90A /* Build configuration list for PBXNativeTarget "DrawRectFailureSampleTests" */;
			buildPhases = (
				D6F2E6EE222E118F00F6E90A /* Sources */,
				D6F2E6EF222E118F00F6E90A /* Frameworks */,
				D6F2E6F0222E118F00F6E90A /* Resources */,
			);
			buildRules = (
			);
			dependencies = (
				D6F2E6F4222E118F00F6E90A /* PBXTargetDependency */,
			);
			name = DrawRectFailureSampleTests;
			productName = DrawRectFailureSampleTests;
			productReference = D6F2E6F2222E118F00F6E90A /* DrawRectFailureSampleTests.xctest */;
			productType = "com.apple.product-type.bundle.unit-test";
		};
/* End PBXNativeTarget section */

/* Begin PBXProject section */
		D6F2E6D6222E118C00F6E90A /* Project object */ = {
			isa = PBXProject;
			attributes = {
				LastSwiftUpdateCheck = 1010;
				LastUpgradeCheck = 1010;
				ORGANIZATIONNAME = "Yuta Koshizawa";
				TargetAttributes = {
					D6F2E6DD222E118C00F6E90A = {
						CreatedOnToolsVersion = 10.1;
					};
					D6F2E6F1222E118F00F6E90A = {
						CreatedOnToolsVersion = 10.1;
						TestTargetID = D6F2E6DD222E118C00F6E90A;
					};
				};
			};
			buildConfigurationList = D6F2E6D9222E118C00F6E90A /* Build configuration list for PBXProject "DrawRectFailureSample" */;
			compatibilityVersion = "Xcode 9.3";
			developmentRegion = en;
			hasScannedForEncodings = 0;
			knownRegions = (
				en,
				Base,
			);
			mainGroup = D6F2E6D5222E118C00F6E90A;
			productRefGroup = D6F2E6DF222E118C00F6E90A /* Products */;
			projectDirPath = "";
			projectRoot = "";
			targets = (
				D6F2E6DD222E118C00F6E90A /* DrawRectFailureSample */,
				D6F2E6F1222E118F00F6E90A /* DrawRectFailureSampleTests */,
			);
		};
/* End PBXProject section */

/* Begin PBXResourcesBuildPhase section */
		D6F2E6DC222E118C00F6E90A /* Resources */ = {
			isa = PBXResourcesBuildPhase;
			buildActionMask = 2147483647;
			files = (
				D6F2E6EC222E118F00F6E90A /* LaunchScreen.storyboard in Resources */,
				D6F2E6E9222E118F00F6E90A /* Assets.xcassets in Resources */,
				D6F2E6E7222E118C00F6E90A /* Main.storyboard in Resources */,
			);
			runOnlyForDeploymentPostprocessing = 0;
		};
		D6F2E6F0222E118F00F6E90A /* Resources */ = {
			isa = PBXResourcesBuildPhase;
			buildActionMask = 2147483647;
			files = (
			);
			runOnlyForDeploymentPostprocessing = 0;
		};
/* End PBXResourcesBuildPhase section */

/* Begin PBXSourcesBuildPhase section */
		D6F2E6DA222E118C00F6E90A /* Sources */ = {
			isa = PBXSourcesBuildPhase;
			buildActionMask = 2147483647;
			files = (
				D6F2E6E4222E118C00F6E90A /* ViewController.swift in Sources */,
				D6F2E6E2222E118C00F6E90A /* AppDelegate.swift in Sources */,
			);
			runOnlyForDeploymentPostprocessing = 0;
		};
		D6F2E6EE222E118F00F6E90A /* Sources */ = {
			isa = PBXSourcesBuildPhase;
			buildActionMask = 2147483647;
			files = (
				D6F2E6F7222E118F00F6E90A /* DrawRectFailureSampleTests.swift in Sources */,
			);
			runOnlyForDeploymentPostprocessing = 0;
		};
/* End PBXSourcesBuildPhase section */

/* Begin PBXTargetDependency section */
		D6F2E6F4222E118F00F6E90A /* PBXTargetDependency */ = {
			isa = PBXTargetDependency;
			target = D6F2E6DD222E118C00F6E90A /* DrawRectFailureSample */;
			targetProxy = D6F2E6F3222E118F00F6E90A /* PBXContainerItemProxy */;
		};
/* End PBXTargetDependency section */

/* Begin PBXVariantGroup section */
		D6F2E6E5222E118C00F6E90A /* Main.storyboard */ = {
			isa = PBXVariantGroup;
			children = (
				D6F2E6E6222E118C00F6E90A /* Base */,
			);
			name = Main.storyboard;
			sourceTree = "<group>";
		};
		D6F2E6EA222E118F00F6E90A /* LaunchScreen.storyboard */ = {
			isa = PBXVariantGroup;
			children = (
				D6F2E6EB222E118F00F6E90A /* Base */,
			);
			name = LaunchScreen.storyboard;
			sourceTree = "<group>";
		};
/* End PBXVariantGroup section */

/* Begin XCBuildConfiguration section */
		D6F2E6F9222E119000F6E90A /* Debug */ = {
			isa = XCBuildConfiguration;
			buildSettings = {
				ALWAYS_SEARCH_USER_PATHS = NO;
				CLANG_ANALYZER_NONNULL = YES;
				CLANG_ANALYZER_NUMBER_OBJECT_CONVERSION = YES_AGGRESSIVE;
				CLANG_CXX_LANGUAGE_STANDARD = "gnu++14";
				CLANG_CXX_LIBRARY = "libc++";
				CLANG_ENABLE_MODULES = YES;
				CLANG_ENABLE_OBJC_ARC = YES;
				CLANG_ENABLE_OBJC_WEAK = YES;
				CLANG_WARN_BLOCK_CAPTURE_AUTORELEASING = YES;
				CLANG_WARN_BOOL_CONVERSION = YES;
				CLANG_WARN_COMMA = YES;
				CLANG_WARN_CONSTANT_CONVERSION = YES;
				CLANG_WARN_DEPRECATED_OBJC_IMPLEMENTATIONS = YES;
				CLANG_WARN_DIRECT_OBJC_ISA_USAGE = YES_ERROR;
				CLANG_WARN_DOCUMENTATION_COMMENTS = YES;
				CLANG_WARN_EMPTY_BODY = YES;
				CLANG_WARN_ENUM_CONVERSION = YES;
				CLANG_WARN_INFINITE_RECURSION = YES;
				CLANG_WARN_INT_CONVERSION = YES;
				CLANG_WARN_NON_LITERAL_NULL_CONVERSION = YES;
				CLANG_WARN_OBJC_IMPLICIT_RETAIN_SELF = YES;
				CLANG_WARN_OBJC_LITERAL_CONVERSION = YES;
				CLANG_WARN_OBJC_ROOT_CLASS = YES_ERROR;
				CLANG_WARN_RANGE_LOOP_ANALYSIS = YES;
				CLANG_WARN_STRICT_PROTOTYPES = YES;
				CLANG_WARN_SUSPICIOUS_MOVE = YES;
				CLANG_WARN_UNGUARDED_AVAILABILITY = YES_AGGRESSIVE;
				CLANG_WARN_UNREACHABLE_CODE = YES;
				CLANG_WARN__DUPLICATE_METHOD_MATCH = YES;
				CODE_SIGN_IDENTITY = "iPhone Developer";
				COPY_PHASE_STRIP = NO;
				DEBUG_INFORMATION_FORMAT = dwarf;
				ENABLE_STRICT_OBJC_MSGSEND = YES;
				ENABLE_TESTABILITY = YES;
				GCC_C_LANGUAGE_STANDARD = gnu11;
				GCC_DYNAMIC_NO_PIC = NO;
				GCC_NO_COMMON_BLOCKS = YES;
				GCC_OPTIMIZATION_LEVEL = 0;
				GCC_PREPROCESSOR_DEFINITIONS = (
					"DEBUG=1",
					"$(inherited)",
				);
				GCC_WARN_64_TO_32_BIT_CONVERSION = YES;
				GCC_WARN_ABOUT_RETURN_TYPE = YES_ERROR;
				GCC_WARN_UNDECLARED_SELECTOR = YES;
				GCC_WARN_UNINITIALIZED_AUTOS = YES_AGGRESSIVE;
				GCC_WARN_UNUSED_FUNCTION = YES;
				GCC_WARN_UNUSED_VARIABLE = YES;
				IPHONEOS_DEPLOYMENT_TARGET = 12.1;
				MTL_ENABLE_DEBUG_INFO = INCLUDE_SOURCE;
				MTL_FAST_MATH = YES;
				ONLY_ACTIVE_ARCH = YES;
				SDKROOT = iphoneos;
				SWIFT_ACTIVE_COMPILATION_CONDITIONS = DEBUG;
				SWIFT_OPTIMIZATION_LEVEL = "-Onone";
			};
			name = Debug;
		};
		D6F2E6FA222E119000F6E90A /* Release */ = {
			isa = XCBuildConfiguration;
			buildSettings = {
				ALWAYS_SEARCH_USER_PATHS = NO;
				CLANG_ANALYZER_NONNULL = YES;
				CLANG_ANALYZER_NUMBER_OBJECT_CONVERSION = YES_AGGRESSIVE;
				CLANG_CXX_LANGUAGE_STANDARD = "gnu++14";
				CLANG_CXX_LIBRARY = "libc++";
				CLANG_ENABLE_MODULES = YES;
				CLANG_ENABLE_OBJC_ARC = YES;
				CLANG_ENABLE_OBJC_WEAK = YES;
				CLANG_WARN_BLOCK_CAPTURE_AUTORELEASING = YES;
				CLANG_WARN_BOOL_CONVERSION = YES;
				CLANG_WARN_COMMA = YES;
				CLANG_WARN_CONSTANT_CONVERSION = YES;
				CLANG_WARN_DEPRECATED_OBJC_IMPLEMENTATIONS = YES;
				CLANG_WARN_DIRECT_OBJC_ISA_USAGE = YES_ERROR;
				CLANG_WARN_DOCUMENTATION_COMMENTS = YES;
				CLANG_WARN_EMPTY_BODY = YES;
				CLANG_WARN_ENUM_CONVERSION = YES;
				CLANG_WARN_INFINITE_RECURSION = YES;
				CLANG_WARN_INT_CONVERSION = YES;
				CLANG_WARN_NON_LITERAL_NULL_CONVERSION = YES;
				CLANG_WARN_OBJC_IMPLICIT_RETAIN_SELF = YES;
				CLANG_WARN_OBJC_LITERAL_CONVERSION = YES;
				CLANG_WARN_OBJC_ROOT_CLASS = YES_ERROR;
				CLANG_WARN_RANGE_LOOP_ANALYSIS = YES;
				CLANG_WARN_STRICT_PROTOTYPES = YES;
				CLANG_WARN_SUSPICIOUS_MOVE = YES;
				CLANG_WARN_UNGUARDED_AVAILABILITY = YES_AGGRESSIVE;
				CLANG_WARN_UNREACHABLE_CODE = YES;
				CLANG_WARN__DUPLICATE_METHOD_MATCH = YES;
				CODE_SIGN_IDENTITY = "iPhone Developer";
				COPY_PHASE_STRIP = NO;
				DEBUG_INFORMATION_FORMAT = "dwarf-with-dsym";
				ENABLE_NS_ASSERTIONS = NO;
				ENABLE_STRICT_OBJC_MSGSEND = YES;
				GCC_C_LANGUAGE_STANDARD = gnu11;
				GCC_NO_COMMON_BLOCKS = YES;
				GCC_WARN_64_TO_32_BIT_CONVERSION = YES;
				GCC_WARN_ABOUT_RETURN_TYPE = YES_ERROR;
				GCC_WARN_UNDECLARED_SELECTOR = YES;
				GCC_WARN_UNINITIALIZED_AUTOS = YES_AGGRESSIVE;
				GCC_WARN_UNUSED_FUNCTION = YES;
				GCC_WARN_UNUSED_VARIABLE = YES;
				IPHONEOS_DEPLOYMENT_TARGET = 12.1;
				MTL_ENABLE_DEBUG_INFO = NO;
				MTL_FAST_MATH = YES;
				SDKROOT = iphoneos;
				SWIFT_COMPILATION_MODE = wholemodule;
				SWIFT_OPTIMIZATION_LEVEL = "-O";
				VALIDATE_PRODUCT = YES;
			};
			name = Release;
		};
		D6F2E6FC222E119000F6E90A /* Debug */ = {
			isa = XCBuildConfiguration;
			buildSettings = {
				ASSETCATALOG_COMPILER_APPICON_NAME = AppIcon;
				CODE_SIGN_STYLE = Automatic;
				DEVELOPMENT_TEAM = "";
				INFOPLIST_FILE = DrawRectFailureSample/Info.plist;
				LD_RUNPATH_SEARCH_PATHS = (
					"$(inherited)",
					"@executable_path/Frameworks",
				);
				PRODUCT_BUNDLE_IDENTIFIER = org.koherent.DrawRectFailureSample;
				PRODUCT_NAME = "$(TARGET_NAME)";
				SWIFT_VERSION = 4.2;
				TARGETED_DEVICE_FAMILY = "1,2";
			};
			name = Debug;
		};
		D6F2E6FD222E119000F6E90A /* Release */ = {
			isa = XCBuildConfiguration;
			buildSettings = {
				ASSETCATALOG_COMPILER_APPICON_NAME = AppIcon;
				CODE_SIGN_STYLE = Automatic;
				DEVELOPMENT_TEAM = "";
				INFOPLIST_FILE = DrawRectFailureSample/Info.plist;
				LD_RUNPATH_SEARCH_PATHS = (
					"$(inherited)",
					"@executable_path/Frameworks",
				);
				PRODUCT_BUNDLE_IDENTIFIER = org.koherent.DrawRectFailureSample;
				PRODUCT_NAME = "$(TARGET_NAME)";
				SWIFT_VERSION = 4.2;
				TARGETED_DEVICE_FAMILY = "1,2";
			};
			name = Release;
		};
		D6F2E6FF222E119000F6E90A /* Debug */ = {
			isa = XCBuildConfiguration;
			buildSettings = {
				ALWAYS_EMBED_SWIFT_STANDARD_LIBRARIES = YES;
				BUNDLE_LOADER = "$(TEST_HOST)";
				CODE_SIGN_STYLE = Automatic;
				INFOPLIST_FILE = DrawRectFailureSampleTests/Info.plist;
				LD_RUNPATH_SEARCH_PATHS = (
					"$(inherited)",
					"@executable_path/Frameworks",
					"@loader_path/Frameworks",
				);
				PRODUCT_BUNDLE_IDENTIFIER = org.koherent.DrawRectFailureSampleTests;
				PRODUCT_NAME = "$(TARGET_NAME)";
				SWIFT_VERSION = 4.2;
				TARGETED_DEVICE_FAMILY = "1,2";
				TEST_HOST = "$(BUILT_PRODUCTS_DIR)/DrawRectFailureSample.app/DrawRectFailureSample";
			};
			name = Debug;
		};
		D6F2E700222E119000F6E90A /* Release */ = {
			isa = XCBuildConfiguration;
			buildSettings = {
				ALWAYS_EMBED_SWIFT_STANDARD_LIBRARIES = YES;
				BUNDLE_LOADER = "$(TEST_HOST)";
				CODE_SIGN_STYLE = Automatic;
				INFOPLIST_FILE = DrawRectFailureSampleTests/Info.plist;
				LD_RUNPATH_SEARCH_PATHS = (
					"$(inherited)",
					"@executable_path/Frameworks",
					"@loader_path/Frameworks",
				);
				PRODUCT_BUNDLE_IDENTIFIER = org.koherent.DrawRectFailureSampleTests;
				PRODUCT_NAME = "$(TARGET_NAME)";
				SWIFT_VERSION = 4.2;
				TARGETED_DEVICE_FAMILY = "1,2";
				TEST_HOST = "$(BUILT_PRODUCTS_DIR)/DrawRectFailureSample.app/DrawRectFailureSample";
			};
			name = Release;
		};
/* End XCBuildConfiguration section */

/* Begin XCConfigurationList section */
		D6F2E6D9222E118C00F6E90A /* Build configuration list for PBXProject "DrawRectFailureSample" */ = {
			isa = XCConfigurationList;
			buildConfigurations = (
				D6F2E6F9222E119000F6E90A /* Debug */,
				D6F2E6FA222E119000F6E90A /* Release */,
			);
			defaultConfigurationIsVisible = 0;
			defaultConfigurationName = Release;
		};
		D6F2E6FB222E119000F6E90A /* Build configuration list for PBXNativeTarget "DrawRectFailureSample" */ = {
			isa = XCConfigurationList;
			buildConfigurations = (
				D6F2E6FC222E119000F6E90A /* Debug */,
				D6F2E6FD222E119000F6E90A /* Release */,
			);
			defaultConfigurationIsVisible = 0;
			defaultConfigurationName = Release;
		};
		D6F2E6FE222E119000F6E90A /* Build configuration list for PBXNativeTarget "DrawRectFailureSampleTests" */ = {
			isa = XCConfigurationList;
			buildConfigurations = (
				D6F2E6FF222E119000F6E90A /* Debug */,
				D6F2E700222E119000F6E90A /* Release */,
			);
			defaultConfigurationIsVisible = 0;
			defaultConfigurationName = Release;
		};
/* End XCConfigurationList section */
	};
	rootObject = D6F2E6D6222E118C00F6E90A /* Project object */;
}
